// !$*UTF8*$!
{
	archiveVersion = 1;
	classes = {
	};
	objectVersion = 77;
	objects = {

/* Begin PBXBuildFile section */
		45C408692EDED7BC007CE043 /* Crypto in Frameworks */ = {isa = PBXBuildFile; productRef = 45C408682EDED7BC007CE043 /* Crypto */; };
		45C4086B2EDED7BC007CE043 /* CryptoExtras in Frameworks */ = {isa = PBXBuildFile; productRef = 45C4086A2EDED7BC007CE043 /* CryptoExtras */; };
		45C4086D2EDED7BC007CE043 /* _CryptoExtras in Frameworks */ = {isa = PBXBuildFile; productRef = 45C4086C2EDED7BC007CE043 /* _CryptoExtras */; };
		45C408702EDED81E007CE043 /* SwiftImageReadWrite in Frameworks */ = {isa = PBXBuildFile; productRef = 45C4086F2EDED81E007CE043 /* SwiftImageReadWrite */; };
/* End PBXBuildFile section */

/* Begin PBXContainerItemProxy section */
		45C408382EDED485007CE043 /* PBXContainerItemProxy */ = {
			isa = PBXContainerItemProxy;
			containerPortal = 45C408222EDED482007CE043 /* Project object */;
			proxyType = 1;
			remoteGlobalIDString = 45C408292EDED482007CE043;
			remoteInfo = ClipboardSync;
		};
		45C408422EDED485007CE043 /* PBXContainerItemProxy */ = {
			isa = PBXContainerItemProxy;
			containerPortal = 45C408222EDED482007CE043 /* Project object */;
			proxyType = 1;
			remoteGlobalIDString = 45C408292EDED482007CE043;
			remoteInfo = ClipboardSync;
		};
/* End PBXContainerItemProxy section */

/* Begin PBXFileReference section */
		45C4082A2EDED482007CE043 /* ClipboardSync.app */ = {isa = PBXFileReference; explicitFileType = wrapper.application; includeInIndex = 0; path = ClipboardSync.app; sourceTree = BUILT_PRODUCTS_DIR; };
		45C408372EDED485007CE043 /* ClipboardSyncTests.xctest */ = {isa = PBXFileReference; explicitFileType = wrapper.cfbundle; includeInIndex = 0; path = ClipboardSyncTests.xctest; sourceTree = BUILT_PRODUCTS_DIR; };
		45C408412EDED485007CE043 /* ClipboardSyncUITests.xctest */ = {isa = PBXFileReference; explicitFileType = wrapper.cfbundle; includeInIndex = 0; path = ClipboardSyncUITests.xctest; sourceTree = BUILT_PRODUCTS_DIR; };
/* End PBXFileReference section */

/* Begin PBXFileSystemSynchronizedRootGroup section */
		45C4082C2EDED482007CE043 /* ClipboardSync */ = {
			isa = PBXFileSystemSynchronizedRootGroup;
			path = ClipboardSync;
			sourceTree = "<group>";
		};
		45C4083A2EDED485007CE043 /* ClipboardSyncTests */ = {
			isa = PBXFileSystemSynchronizedRootGroup;
			path = ClipboardSyncTests;
			sourceTree = "<group>";
		};
		45C408442EDED485007CE043 /* ClipboardSyncUITests */ = {
			isa = PBXFileSystemSynchronizedRootGroup;
			path = ClipboardSyncUITests;
			sourceTree = "<group>";
		};
/* End PBXFileSystemSynchronizedRootGroup section */

/* Begin PBXFrameworksBuildPhase section */
		45C408272EDED482007CE043 /* Frameworks */ = {
			isa = PBXFrameworksBuildPhase;
			buildActionMask = 2147483647;
			files = (
				45C408692EDED7BC007CE043 /* Crypto in Frameworks */,
				45C408702EDED81E007CE043 /* SwiftImageReadWrite in Frameworks */,
				45C4086B2EDED7BC007CE043 /* CryptoExtras in Frameworks */,
				45C4086D2EDED7BC007CE043 /* _CryptoExtras in Frameworks */,
			);
			runOnlyForDeploymentPostprocessing = 0;
		};
		45C408342EDED485007CE043 /* Frameworks */ = {
			isa = PBXFrameworksBuildPhase;
			buildActionMask = 2147483647;
			files = (
			);
			runOnlyForDeploymentPostprocessing = 0;
		};
		45C4083E2EDED485007CE043 /* Frameworks */ = {
			isa = PBXFrameworksBuildPhase;
			buildActionMask = 2147483647;
			files = (
			);
			runOnlyForDeploymentPostprocessing = 0;
		};
/* End PBXFrameworksBuildPhase section */

/* Begin PBXGroup section */
		45C408212EDED482007CE043 = {
			isa = PBXGroup;
			children = (
				45C4082C2EDED482007CE043 /* ClipboardSync */,
				45C4083A2EDED485007CE043 /* ClipboardSyncTests */,
				45C408442EDED485007CE043 /* ClipboardSyncUITests */,
				45C4082B2EDED482007CE043 /* Products */,
			);
			sourceTree = "<group>";
		};
		45C4082B2EDED482007CE043 /* Products */ = {
			isa = PBXGroup;
			children = (
				45C4082A2EDED482007CE043 /* ClipboardSync.app */,
				45C408372EDED485007CE043 /* ClipboardSyncTests.xctest */,
				45C408412EDED485007CE043 /* ClipboardSyncUITests.xctest */,
			);
			name = Products;
			sourceTree = "<group>";
		};
/* End PBXGroup section */

/* Begin PBXNativeTarget section */
		45C408292EDED482007CE043 /* ClipboardSync */ = {
			isa = PBXNativeTarget;
			buildConfigurationList = 45C4084B2EDED485007CE043 /* Build configuration list for PBXNativeTarget "ClipboardSync" */;
			buildPhases = (
				45C408262EDED482007CE043 /* Sources */,
				45C408272EDED482007CE043 /* Frameworks */,
				45C408282EDED482007CE043 /* Resources */,
			);
			buildRules = (
			);
			dependencies = (
			);
			fileSystemSynchronizedGroups = (
				45C4082C2EDED482007CE043 /* ClipboardSync */,
			);
			name = ClipboardSync;
			packageProductDependencies = (
				45C408682EDED7BC007CE043 /* Crypto */,
				45C4086A2EDED7BC007CE043 /* CryptoExtras */,
				45C4086C2EDED7BC007CE043 /* _CryptoExtras */,
				45C4086F2EDED81E007CE043 /* SwiftImageReadWrite */,
			);
			productName = ClipboardSync;
			productReference = 45C4082A2EDED482007CE043 /* ClipboardSync.app */;
			productType = "com.apple.product-type.application";
		};
		45C408362EDED485007CE043 /* ClipboardSyncTests */ = {
			isa = PBXNativeTarget;
			buildConfigurationList = 45C4084E2EDED485007CE043 /* Build configuration list for PBXNativeTarget "ClipboardSyncTests" */;
			buildPhases = (
				45C408332EDED485007CE043 /* Sources */,
				45C408342EDED485007CE043 /* Frameworks */,
				45C408352EDED485007CE043 /* Resources */,
			);
			buildRules = (
			);
			dependencies = (
				45C408392EDED485007CE043 /* PBXTargetDependency */,
			);
			fileSystemSynchronizedGroups = (
				45C4083A2EDED485007CE043 /* ClipboardSyncTests */,
			);
			name = ClipboardSyncTests;
			packageProductDependencies = (
			);
			productName = ClipboardSyncTests;
			productReference = 45C408372EDED485007CE043 /* ClipboardSyncTests.xctest */;
			productType = "com.apple.product-type.bundle.unit-test";
		};
		45C408402EDED485007CE043 /* ClipboardSyncUITests */ = {
			isa = PBXNativeTarget;
			buildConfigurationList = 45C408512EDED485007CE043 /* Build configuration list for PBXNativeTarget "ClipboardSyncUITests" */;
			buildPhases = (
				45C4083D2EDED485007CE043 /* Sources */,
				45C4083E2EDED485007CE043 /* Frameworks */,
				45C4083F2EDED485007CE043 /* Resources */,
			);
			buildRules = (
			);
			dependencies = (
				45C408432EDED485007CE043 /* PBXTargetDependency */,
			);
			fileSystemSynchronizedGroups = (
				45C408442EDED485007CE043 /* ClipboardSyncUITests */,
			);
			name = ClipboardSyncUITests;
			packageProductDependencies = (
			);
			productName = ClipboardSyncUITests;
			productReference = 45C408412EDED485007CE043 /* ClipboardSyncUITests.xctest */;
			productType = "com.apple.product-type.bundle.ui-testing";
		};
/* End PBXNativeTarget section */

/* Begin PBXProject section */
		45C408222EDED482007CE043 /* Project object */ = {
			isa = PBXProject;
			attributes = {
				BuildIndependentTargetsInParallel = 1;
				LastSwiftUpdateCheck = 2610;
				LastUpgradeCheck = 2610;
				TargetAttributes = {
					45C408292EDED482007CE043 = {
						CreatedOnToolsVersion = 26.1.1;
					};
					45C408362EDED485007CE043 = {
						CreatedOnToolsVersion = 26.1.1;
						TestTargetID = 45C408292EDED482007CE043;
					};
					45C408402EDED485007CE043 = {
						CreatedOnToolsVersion = 26.1.1;
						TestTargetID = 45C408292EDED482007CE043;
					};
				};
			};
			buildConfigurationList = 45C408252EDED482007CE043 /* Build configuration list for PBXProject "ClipboardSync" */;
			developmentRegion = en;
			hasScannedForEncodings = 0;
			knownRegions = (
				en,
				Base,
			);
			mainGroup = 45C408212EDED482007CE043;
			minimizedProjectReferenceProxies = 1;
			packageReferences = (
				45C408672EDED7BC007CE043 /* XCRemoteSwiftPackageReference "swift-crypto" */,
				45C4086E2EDED81E007CE043 /* XCRemoteSwiftPackageReference "SwiftImageReadWrite" */,
			);
			preferredProjectObjectVersion = 77;
			productRefGroup = 45C4082B2EDED482007CE043 /* Products */;
			projectDirPath = "";
			projectRoot = "";
			targets = (
				45C408292EDED482007CE043 /* ClipboardSync */,
				45C408362EDED485007CE043 /* ClipboardSyncTests */,
				45C408402EDED485007CE043 /* ClipboardSyncUITests */,
			);
		};
/* End PBXProject section */

/* Begin PBXResourcesBuildPhase section */
		45C408282EDED482007CE043 /* Resources */ = {
			isa = PBXResourcesBuildPhase;
			buildActionMask = 2147483647;
			files = (
			);
			runOnlyForDeploymentPostprocessing = 0;
		};
		45C408352EDED485007CE043 /* Resources */ = {
			isa = PBXResourcesBuildPhase;
			buildActionMask = 2147483647;
			files = (
			);
			runOnlyForDeploymentPostprocessing = 0;
		};
		45C4083F2EDED485007CE043 /* Resources */ = {
			isa = PBXResourcesBuildPhase;
			buildActionMask = 2147483647;
			files = (
			);
			runOnlyForDeploymentPostprocessing = 0;
		};
/* End PBXResourcesBuildPhase section */

/* Begin PBXSourcesBuildPhase section */
		45C408262EDED482007CE043 /* Sources */ = {
			isa = PBXSourcesBuildPhase;
			buildActionMask = 2147483647;
			files = (
			);
			runOnlyForDeploymentPostprocessing = 0;
		};
		45C408332EDED485007CE043 /* Sources */ = {
			isa = PBXSourcesBuildPhase;
			buildActionMask = 2147483647;
			files = (
			);
			runOnlyForDeploymentPostprocessing = 0;
		};
		45C4083D2EDED485007CE043 /* Sources */ = {
			isa = PBXSourcesBuildPhase;
			buildActionMask = 2147483647;
			files = (
			);
			runOnlyForDeploymentPostprocessing = 0;
		};
/* End PBXSourcesBuildPhase section */

/* Begin PBXTargetDependency section */
		45C408392EDED485007CE043 /* PBXTargetDependency */ = {
			isa = PBXTargetDependency;
			target = 45C408292EDED482007CE043 /* ClipboardSync */;
			targetProxy = 45C408382EDED485007CE043 /* PBXContainerItemProxy */;
		};
		45C408432EDED485007CE043 /* PBXTargetDependency */ = {
			isa = PBXTargetDependency;
			target = 45C408292EDED482007CE043 /* ClipboardSync */;
			targetProxy = 45C408422EDED485007CE043 /* PBXContainerItemProxy */;
		};
/* End PBXTargetDependency section */

/* Begin XCBuildConfiguration section */
		45C408492EDED485007CE043 /* Debug */ = {
			isa = XCBuildConfiguration;
			buildSettings = {
				ALWAYS_SEARCH_USER_PATHS = NO;
				ASSETCATALOG_COMPILER_GENERATE_SWIFT_ASSET_SYMBOL_EXTENSIONS = YES;
				CLANG_ANALYZER_NONNULL = YES;
				CLANG_ANALYZER_NUMBER_OBJECT_CONVERSION = YES_AGGRESSIVE;
				CLANG_CXX_LANGUAGE_STANDARD = "gnu++20";
				CLANG_ENABLE_MODULES = YES;
				CLANG_ENABLE_OBJC_ARC = YES;
				CLANG_ENABLE_OBJC_WEAK = YES;
				CLANG_WARN_BLOCK_CAPTURE_AUTORELEASING = YES;
				CLANG_WARN_BOOL_CONVERSION = YES;
				CLANG_WARN_COMMA = YES;
				CLANG_WARN_CONSTANT_CONVERSION = YES;
				CLANG_WARN_DEPRECATED_OBJC_IMPLEMENTATIONS = YES;
				CLANG_WARN_DIRECT_OBJC_ISA_USAGE = YES_ERROR;
				CLANG_WARN_DOCUMENTATION_COMMENTS = YES;
				CLANG_WARN_EMPTY_BODY = YES;
				CLANG_WARN_ENUM_CONVERSION = YES;
				CLANG_WARN_INFINITE_RECURSION = YES;
				CLANG_WARN_INT_CONVERSION = YES;
				CLANG_WARN_NON_LITERAL_NULL_CONVERSION = YES;
				CLANG_WARN_OBJC_IMPLICIT_RETAIN_SELF = YES;
				CLANG_WARN_OBJC_LITERAL_CONVERSION = YES;
				CLANG_WARN_OBJC_ROOT_CLASS = YES_ERROR;
				CLANG_WARN_QUOTED_INCLUDE_IN_FRAMEWORK_HEADER = YES;
				CLANG_WARN_RANGE_LOOP_ANALYSIS = YES;
				CLANG_WARN_STRICT_PROTOTYPES = YES;
				CLANG_WARN_SUSPICIOUS_MOVE = YES;
				CLANG_WARN_UNGUARDED_AVAILABILITY = YES_AGGRESSIVE;
				CLANG_WARN_UNREACHABLE_CODE = YES;
				CLANG_WARN__DUPLICATE_METHOD_MATCH = YES;
				COPY_PHASE_STRIP = NO;
				DEBUG_INFORMATION_FORMAT = dwarf;
				ENABLE_STRICT_OBJC_MSGSEND = YES;
				ENABLE_TESTABILITY = YES;
				ENABLE_USER_SCRIPT_SANDBOXING = YES;
				GCC_C_LANGUAGE_STANDARD = gnu17;
				GCC_DYNAMIC_NO_PIC = NO;
				GCC_NO_COMMON_BLOCKS = YES;
				GCC_OPTIMIZATION_LEVEL = 0;
				GCC_PREPROCESSOR_DEFINITIONS = (
					"DEBUG=1",
					"$(inherited)",
				);
				GCC_WARN_64_TO_32_BIT_CONVERSION = YES;
				GCC_WARN_ABOUT_RETURN_TYPE = YES_ERROR;
				GCC_WARN_UNDECLARED_SELECTOR = YES;
				GCC_WARN_UNINITIALIZED_AUTOS = YES_AGGRESSIVE;
				GCC_WARN_UNUSED_FUNCTION = YES;
				GCC_WARN_UNUSED_VARIABLE = YES;
				LOCALIZATION_PREFERS_STRING_CATALOGS = YES;
				MACOSX_DEPLOYMENT_TARGET = 26.1;
				MTL_ENABLE_DEBUG_INFO = INCLUDE_SOURCE;
				MTL_FAST_MATH = YES;
				ONLY_ACTIVE_ARCH = YES;
				SDKROOT = macosx;
				SWIFT_ACTIVE_COMPILATION_CONDITIONS = "DEBUG $(inherited)";
				SWIFT_OPTIMIZATION_LEVEL = "-Onone";
			};
			name = Debug;
		};
		45C4084A2EDED485007CE043 /* Release */ = {
			isa = XCBuildConfiguration;
			buildSettings = {
				ALWAYS_SEARCH_USER_PATHS = NO;
				ASSETCATALOG_COMPILER_GENERATE_SWIFT_ASSET_SYMBOL_EXTENSIONS = YES;
				CLANG_ANALYZER_NONNULL = YES;
				CLANG_ANALYZER_NUMBER_OBJECT_CONVERSION = YES_AGGRESSIVE;
				CLANG_CXX_LANGUAGE_STANDARD = "gnu++20";
				CLANG_ENABLE_MODULES = YES;
				CLANG_ENABLE_OBJC_ARC = YES;
				CLANG_ENABLE_OBJC_WEAK = YES;
				CLANG_WARN_BLOCK_CAPTURE_AUTORELEASING = YES;
				CLANG_WARN_BOOL_CONVERSION = YES;
				CLANG_WARN_COMMA = YES;
				CLANG_WARN_CONSTANT_CONVERSION = YES;
				CLANG_WARN_DEPRECATED_OBJC_IMPLEMENTATIONS = YES;
				CLANG_WARN_DIRECT_OBJC_ISA_USAGE = YES_ERROR;
				CLANG_WARN_DOCUMENTATION_COMMENTS = YES;
				CLANG_WARN_EMPTY_BODY = YES;
				CLANG_WARN_ENUM_CONVERSION = YES;
				CLANG_WARN_INFINITE_RECURSION = YES;
				CLANG_WARN_INT_CONVERSION = YES;
				CLANG_WARN_NON_LITERAL_NULL_CONVERSION = YES;
				CLANG_WARN_OBJC_IMPLICIT_RETAIN_SELF = YES;
				CLANG_WARN_OBJC_LITERAL_CONVERSION = YES;
				CLANG_WARN_OBJC_ROOT_CLASS = YES_ERROR;
				CLANG_WARN_QUOTED_INCLUDE_IN_FRAMEWORK_HEADER = YES;
				CLANG_WARN_RANGE_LOOP_ANALYSIS = YES;
				CLANG_WARN_STRICT_PROTOTYPES = YES;
				CLANG_WARN_SUSPICIOUS_MOVE = YES;
				CLANG_WARN_UNGUARDED_AVAILABILITY = YES_AGGRESSIVE;
				CLANG_WARN_UNREACHABLE_CODE = YES;
				CLANG_WARN__DUPLICATE_METHOD_MATCH = YES;
				COPY_PHASE_STRIP = NO;
				DEBUG_INFORMATION_FORMAT = "dwarf-with-dsym";
				ENABLE_NS_ASSERTIONS = NO;
				ENABLE_STRICT_OBJC_MSGSEND = YES;
				ENABLE_USER_SCRIPT_SANDBOXING = YES;
				GCC_C_LANGUAGE_STANDARD = gnu17;
				GCC_NO_COMMON_BLOCKS = YES;
				GCC_WARN_64_TO_32_BIT_CONVERSION = YES;
				GCC_WARN_ABOUT_RETURN_TYPE = YES_ERROR;
				GCC_WARN_UNDECLARED_SELECTOR = YES;
				GCC_WARN_UNINITIALIZED_AUTOS = YES_AGGRESSIVE;
				GCC_WARN_UNUSED_FUNCTION = YES;
				GCC_WARN_UNUSED_VARIABLE = YES;
				LOCALIZATION_PREFERS_STRING_CATALOGS = YES;
				MACOSX_DEPLOYMENT_TARGET = 26.1;
				MTL_ENABLE_DEBUG_INFO = NO;
				MTL_FAST_MATH = YES;
				SDKROOT = macosx;
				SWIFT_COMPILATION_MODE = wholemodule;
			};
			name = Release;
		};
		45C4084C2EDED485007CE043 /* Debug */ = {
			isa = XCBuildConfiguration;
			buildSettings = {
				ASSETCATALOG_COMPILER_APPICON_NAME = AppIcon;
				ASSETCATALOG_COMPILER_GLOBAL_ACCENT_COLOR_NAME = AccentColor;
				CODE_SIGN_STYLE = Automatic;
				COMBINE_HIDPI_IMAGES = YES;
				CURRENT_PROJECT_VERSION = 1;
				ENABLE_APP_SANDBOX = YES;
				ENABLE_INCOMING_NETWORK_CONNECTIONS = YES;
				ENABLE_OUTGOING_NETWORK_CONNECTIONS = YES;
				ENABLE_PREVIEWS = YES;
				ENABLE_RESOURCE_ACCESS_AUDIO_INPUT = NO;
				ENABLE_RESOURCE_ACCESS_BLUETOOTH = NO;
				ENABLE_RESOURCE_ACCESS_CALENDARS = NO;
				ENABLE_RESOURCE_ACCESS_CAMERA = NO;
				ENABLE_RESOURCE_ACCESS_CONTACTS = NO;
				ENABLE_RESOURCE_ACCESS_LOCATION = NO;
				ENABLE_RESOURCE_ACCESS_PRINTING = NO;
				ENABLE_RESOURCE_ACCESS_USB = NO;
				ENABLE_USER_SELECTED_FILES = readonly;
				GENERATE_INFOPLIST_FILE = YES;
				INFOPLIST_KEY_NSHumanReadableCopyright = "";
				LD_RUNPATH_SEARCH_PATHS = (
					"$(inherited)",
					"@executable_path/../Frameworks",
				);
				MARKETING_VERSION = 1.0;
				PRODUCT_BUNDLE_IDENTIFIER = finitecode.ClipboardSync;
				PRODUCT_NAME = "$(TARGET_NAME)";
				REGISTER_APP_GROUPS = YES;
				STRING_CATALOG_GENERATE_SYMBOLS = YES;
				SWIFT_APPROACHABLE_CONCURRENCY = YES;
				SWIFT_DEFAULT_ACTOR_ISOLATION = MainActor;
				SWIFT_EMIT_LOC_STRINGS = YES;
				SWIFT_UPCOMING_FEATURE_MEMBER_IMPORT_VISIBILITY = YES;
				SWIFT_VERSION = 5.0;
			};
			name = Debug;
		};
		45C4084D2EDED485007CE043 /* Release */ = {
			isa = XCBuildConfiguration;
			buildSettings = {
				ASSETCATALOG_COMPILER_APPICON_NAME = AppIcon;
				ASSETCATALOG_COMPILER_GLOBAL_ACCENT_COLOR_NAME = AccentColor;
				CODE_SIGN_STYLE = Automatic;
				COMBINE_HIDPI_IMAGES = YES;
				CURRENT_PROJECT_VERSION = 1;
				ENABLE_APP_SANDBOX = YES;
				ENABLE_INCOMING_NETWORK_CONNECTIONS = YES;
				ENABLE_OUTGOING_NETWORK_CONNECTIONS = YES;
				ENABLE_PREVIEWS = YES;
				ENABLE_RESOURCE_ACCESS_AUDIO_INPUT = NO;
				ENABLE_RESOURCE_ACCESS_BLUETOOTH = NO;
				ENABLE_RESOURCE_ACCESS_CALENDARS = NO;
				ENABLE_RESOURCE_ACCESS_CAMERA = NO;
				ENABLE_RESOURCE_ACCESS_CONTACTS = NO;
				ENABLE_RESOURCE_ACCESS_LOCATION = NO;
				ENABLE_RESOURCE_ACCESS_PRINTING = NO;
				ENABLE_RESOURCE_ACCESS_USB = NO;
				ENABLE_USER_SELECTED_FILES = readonly;
				GENERATE_INFOPLIST_FILE = YES;
				INFOPLIST_KEY_NSHumanReadableCopyright = "";
				LD_RUNPATH_SEARCH_PATHS = (
					"$(inherited)",
					"@executable_path/../Frameworks",
				);
				MARKETING_VERSION = 1.0;
				PRODUCT_BUNDLE_IDENTIFIER = finitecode.ClipboardSync;
				PRODUCT_NAME = "$(TARGET_NAME)";
				REGISTER_APP_GROUPS = YES;
				STRING_CATALOG_GENERATE_SYMBOLS = YES;
				SWIFT_APPROACHABLE_CONCURRENCY = YES;
				SWIFT_DEFAULT_ACTOR_ISOLATION = MainActor;
				SWIFT_EMIT_LOC_STRINGS = YES;
				SWIFT_UPCOMING_FEATURE_MEMBER_IMPORT_VISIBILITY = YES;
				SWIFT_VERSION = 5.0;
			};
			name = Release;
		};
		45C4084F2EDED485007CE043 /* Debug */ = {
			isa = XCBuildConfiguration;
			buildSettings = {
				BUNDLE_LOADER = "$(TEST_HOST)";
				CODE_SIGN_STYLE = Automatic;
				CURRENT_PROJECT_VERSION = 1;
				GENERATE_INFOPLIST_FILE = YES;
				MACOSX_DEPLOYMENT_TARGET = 26.1;
				MARKETING_VERSION = 1.0;
				PRODUCT_BUNDLE_IDENTIFIER = finitecode.ClipboardSyncTests;
				PRODUCT_NAME = "$(TARGET_NAME)";
				STRING_CATALOG_GENERATE_SYMBOLS = NO;
				SWIFT_APPROACHABLE_CONCURRENCY = YES;
				SWIFT_EMIT_LOC_STRINGS = NO;
				SWIFT_UPCOMING_FEATURE_MEMBER_IMPORT_VISIBILITY = YES;
				SWIFT_VERSION = 5.0;
				TEST_HOST = "$(BUILT_PRODUCTS_DIR)/ClipboardSync.app/$(BUNDLE_EXECUTABLE_FOLDER_PATH)/ClipboardSync";
			};
			name = Debug;
		};
		45C408502EDED485007CE043 /* Release */ = {
			isa = XCBuildConfiguration;
			buildSettings = {
				BUNDLE_LOADER = "$(TEST_HOST)";
				CODE_SIGN_STYLE = Automatic;
				CURRENT_PROJECT_VERSION = 1;
				GENERATE_INFOPLIST_FILE = YES;
				MACOSX_DEPLOYMENT_TARGET = 26.1;
				MARKETING_VERSION = 1.0;
				PRODUCT_BUNDLE_IDENTIFIER = finitecode.ClipboardSyncTests;
				PRODUCT_NAME = "$(TARGET_NAME)";
				STRING_CATALOG_GENERATE_SYMBOLS = NO;
				SWIFT_APPROACHABLE_CONCURRENCY = YES;
				SWIFT_EMIT_LOC_STRINGS = NO;
				SWIFT_UPCOMING_FEATURE_MEMBER_IMPORT_VISIBILITY = YES;
				SWIFT_VERSION = 5.0;
				TEST_HOST = "$(BUILT_PRODUCTS_DIR)/ClipboardSync.app/$(BUNDLE_EXECUTABLE_FOLDER_PATH)/ClipboardSync";
			};
			name = Release;
		};
		45C408522EDED485007CE043 /* Debug */ = {
			isa = XCBuildConfiguration;
			buildSettings = {
				CODE_SIGN_STYLE = Automatic;
				CURRENT_PROJECT_VERSION = 1;
				GENERATE_INFOPLIST_FILE = YES;
				MARKETING_VERSION = 1.0;
				PRODUCT_BUNDLE_IDENTIFIER = finitecode.ClipboardSyncUITests;
				PRODUCT_NAME = "$(TARGET_NAME)";
				STRING_CATALOG_GENERATE_SYMBOLS = NO;
				SWIFT_APPROACHABLE_CONCURRENCY = YES;
				SWIFT_EMIT_LOC_STRINGS = NO;
				SWIFT_UPCOMING_FEATURE_MEMBER_IMPORT_VISIBILITY = YES;
				SWIFT_VERSION = 5.0;
				TEST_TARGET_NAME = ClipboardSync;
			};
			name = Debug;
		};
		45C408532EDED485007CE043 /* Release */ = {
			isa = XCBuildConfiguration;
			buildSettings = {
				CODE_SIGN_STYLE = Automatic;
				CURRENT_PROJECT_VERSION = 1;
				GENERATE_INFOPLIST_FILE = YES;
				MARKETING_VERSION = 1.0;
				PRODUCT_BUNDLE_IDENTIFIER = finitecode.ClipboardSyncUITests;
				PRODUCT_NAME = "$(TARGET_NAME)";
				STRING_CATALOG_GENERATE_SYMBOLS = NO;
				SWIFT_APPROACHABLE_CONCURRENCY = YES;
				SWIFT_EMIT_LOC_STRINGS = NO;
				SWIFT_UPCOMING_FEATURE_MEMBER_IMPORT_VISIBILITY = YES;
				SWIFT_VERSION = 5.0;
				TEST_TARGET_NAME = ClipboardSync;
			};
			name = Release;
		};
/* End XCBuildConfiguration section */

/* Begin XCConfigurationList section */
		45C408252EDED482007CE043 /* Build configuration list for PBXProject "ClipboardSync" */ = {
			isa = XCConfigurationList;
			buildConfigurations = (
				45C408492EDED485007CE043 /* Debug */,
				45C4084A2EDED485007CE043 /* Release */,
			);
			defaultConfigurationIsVisible = 0;
			defaultConfigurationName = Release;
		};
		45C4084B2EDED485007CE043 /* Build configuration list for PBXNativeTarget "ClipboardSync" */ = {
			isa = XCConfigurationList;
			buildConfigurations = (
				45C4084C2EDED485007CE043 /* Debug */,
				45C4084D2EDED485007CE043 /* Release */,
			);
			defaultConfigurationIsVisible = 0;
			defaultConfigurationName = Release;
		};
		45C4084E2EDED485007CE043 /* Build configuration list for PBXNativeTarget "ClipboardSyncTests" */ = {
			isa = XCConfigurationList;
			buildConfigurations = (
				45C4084F2EDED485007CE043 /* Debug */,
				45C408502EDED485007CE043 /* Release */,
			);
			defaultConfigurationIsVisible = 0;
			defaultConfigurationName = Release;
		};
		45C408512EDED485007CE043 /* Build configuration list for PBXNativeTarget "ClipboardSyncUITests" */ = {
			isa = XCConfigurationList;
			buildConfigurations = (
				45C408522EDED485007CE043 /* Debug */,
				45C408532EDED485007CE043 /* Release */,
			);
			defaultConfigurationIsVisible = 0;
			defaultConfigurationName = Release;
		};
/* End XCConfigurationList section */

/* Begin XCRemoteSwiftPackageReference section */
		45C408672EDED7BC007CE043 /* XCRemoteSwiftPackageReference "swift-crypto" */ = {
			isa = XCRemoteSwiftPackageReference;
			repositoryURL = "https://github.com/apple/swift-crypto.git";
			requirement = {
				kind = upToNextMajorVersion;
				minimumVersion = 4.2.0;
			};
		};
		45C4086E2EDED81E007CE043 /* XCRemoteSwiftPackageReference "SwiftImageReadWrite" */ = {
			isa = XCRemoteSwiftPackageReference;
			repositoryURL = "https://github.com/dagronf/SwiftImageReadWrite.git";
			requirement = {
				kind = upToNextMajorVersion;
				minimumVersion = 1.9.2;
			};
		};
/* End XCRemoteSwiftPackageReference section */

/* Begin XCSwiftPackageProductDependency section */
		45C408682EDED7BC007CE043 /* Crypto */ = {
			isa = XCSwiftPackageProductDependency;
			package = 45C408672EDED7BC007CE043 /* XCRemoteSwiftPackageReference "swift-crypto" */;
			productName = Crypto;
		};
		45C4086A2EDED7BC007CE043 /* CryptoExtras */ = {
			isa = XCSwiftPackageProductDependency;
			package = 45C408672EDED7BC007CE043 /* XCRemoteSwiftPackageReference "swift-crypto" */;
			productName = CryptoExtras;
		};
		45C4086C2EDED7BC007CE043 /* _CryptoExtras */ = {
			isa = XCSwiftPackageProductDependency;
			package = 45C408672EDED7BC007CE043 /* XCRemoteSwiftPackageReference "swift-crypto" */;
			productName = _CryptoExtras;
		};
		45C4086F2EDED81E007CE043 /* SwiftImageReadWrite */ = {
			isa = XCSwiftPackageProductDependency;
			package = 45C4086E2EDED81E007CE043 /* XCRemoteSwiftPackageReference "SwiftImageReadWrite" */;
			productName = SwiftImageReadWrite;
		};
/* End XCSwiftPackageProductDependency section */
	};
	rootObject = 45C408222EDED482007CE043 /* Project object */;
}
